
Microsoft Visual Studio Solution File, Format Version 12.00
# Visual Studio 15
VisualStudioVersion = 15.0.28307.421
MinimumVisualStudioVersion = 10.0.40219.1
Project("{FAE04EC0-301F-11D3-BF4B-00C04F79EFBC}") = "MySignPage.Android", "MySignPage\MySignPage.Android\MySignPage.Android.csproj", "{CCA1C20C-A30A-422A-A4AB-DF586452A70A}"
EndProject
Project("{FAE04EC0-301F-11D3-BF4B-00C04F79EFBC}") = "MySignPage.iOS", "MySignPage\MySignPage.iOS\MySignPage.iOS.csproj", "{16C11B0A-0CC5-41AB-8626-673BE72CF158}"
EndProject
Project("{FAE04EC0-301F-11D3-BF4B-00C04F79EFBC}") = "MySignPage", "MySignPage\MySignPage\MySignPage.csproj", "{36361968-06FD-4728-B5A8-694897C1F5D6}"
EndProject
Global
	GlobalSection(SolutionConfigurationPlatforms) = preSolution
		Ad-Hoc|Any CPU = Ad-Hoc|Any CPU
		Ad-Hoc|iPhone = Ad-Hoc|iPhone
		Ad-Hoc|iPhoneSimulator = Ad-Hoc|iPhoneSimulator
		AppStore|Any CPU = AppStore|Any CPU
		AppStore|iPhone = AppStore|iPhone
		AppStore|iPhoneSimulator = AppStore|iPhoneSimulator
		Debug|Any CPU = Debug|Any CPU
		Debug|iPhone = Debug|iPhone
		Debug|iPhoneSimulator = Debug|iPhoneSimulator
		Release|Any CPU = Release|Any CPU
		Release|iPhone = Release|iPhone
		Release|iPhoneSimulator = Release|iPhoneSimulator
	EndGlobalSection
	GlobalSection(ProjectConfigurationPlatforms) = postSolution
		{CCA1C20C-A30A-422A-A4AB-DF586452A70A}.Ad-Hoc|Any CPU.ActiveCfg = Release|Any CPU
		{CCA1C20C-A30A-422A-A4AB-DF586452A70A}.Ad-Hoc|Any CPU.Build.0 = Release|Any CPU
		{CCA1C20C-A30A-422A-A4AB-DF586452A70A}.Ad-Hoc|Any CPU.Deploy.0 = Release|Any CPU
		{CCA1C20C-A30A-422A-A4AB-DF586452A70A}.Ad-Hoc|iPhone.ActiveCfg = Release|Any CPU
		{CCA1C20C-A30A-422A-A4AB-DF586452A70A}.Ad-Hoc|iPhone.Build.0 = Release|Any CPU
		{CCA1C20C-A30A-422A-A4AB-DF586452A70A}.Ad-Hoc|iPhone.Deploy.0 = Release|Any CPU
		{CCA1C20C-A30A-422A-A4AB-DF586452A70A}.Ad-Hoc|iPhoneSimulator.ActiveCfg = Release|Any CPU
		{CCA1C20C-A30A-422A-A4AB-DF586452A70A}.Ad-Hoc|iPhoneSimulator.Build.0 = Release|Any CPU
		{CCA1C20C-A30A-422A-A4AB-DF586452A70A}.Ad-Hoc|iPhoneSimulator.Deploy.0 = Release|Any CPU
		{CCA1C20C-A30A-422A-A4AB-DF586452A70A}.AppStore|Any CPU.ActiveCfg = Release|Any CPU
		{CCA1C20C-A30A-422A-A4AB-DF586452A70A}.AppStore|Any CPU.Build.0 = Release|Any CPU
		{CCA1C20C-A30A-422A-A4AB-DF586452A70A}.AppStore|Any CPU.Deploy.0 = Release|Any CPU
		{CCA1C20C-A30A-422A-A4AB-DF586452A70A}.AppStore|iPhone.ActiveCfg = Release|Any CPU
		{CCA1C20C-A30A-422A-A4AB-DF586452A70A}.AppStore|iPhone.Build.0 = Release|Any CPU
		{CCA1C20C-A30A-422A-A4AB-DF586452A70A}.AppStore|iPhone.Deploy.0 = Release|Any CPU
		{CCA1C20C-A30A-422A-A4AB-DF586452A70A}.AppStore|iPhoneSimulator.ActiveCfg = Release|Any CPU
		{CCA1C20C-A30A-422A-A4AB-DF586452A70A}.AppStore|iPhoneSimulator.Build.0 = Release|Any CPU
		{CCA1C20C-A30A-422A-A4AB-DF586452A70A}.AppStore|iPhoneSimulator.Deploy.0 = Release|Any CPU
		{CCA1C20C-A30A-422A-A4AB-DF586452A70A}.Debug|Any CPU.ActiveCfg = Debug|Any CPU
		{CCA1C20C-A30A-422A-A4AB-DF586452A70A}.Debug|Any CPU.Build.0 = Debug|Any CPU
		{CCA1C20C-A30A-422A-A4AB-DF586452A70A}.Debug|Any CPU.Deploy.0 = Debug|Any CPU
		{CCA1C20C-A30A-422A-A4AB-DF586452A70A}.Debug|iPhone.ActiveCfg = Debug|Any CPU
		{CCA1C20C-A30A-422A-A4AB-DF586452A70A}.Debug|iPhone.Build.0 = Debug|Any CPU
		{CCA1C20C-A30A-422A-A4AB-DF586452A70A}.Debug|iPhone.Deploy.0 = Debug|Any CPU
		{CCA1C20C-A30A-422A-A4AB-DF586452A70A}.Debug|iPhoneSimulator.ActiveCfg = Debug|Any CPU
		{CCA1C20C-A30A-422A-A4AB-DF586452A70A}.Debug|iPhoneSimulator.Build.0 = Debug|Any CPU
		{CCA1C20C-A30A-422A-A4AB-DF586452A70A}.Debug|iPhoneSimulator.Deploy.0 = Debug|Any CPU
		{CCA1C20C-A30A-422A-A4AB-DF586452A70A}.Release|Any CPU.ActiveCfg = Release|Any CPU
		{CCA1C20C-A30A-422A-A4AB-DF586452A70A}.Release|Any CPU.Build.0 = Release|Any CPU
		{CCA1C20C-A30A-422A-A4AB-DF586452A70A}.Release|Any CPU.Deploy.0 = Release|Any CPU
		{CCA1C20C-A30A-422A-A4AB-DF586452A70A}.Release|iPhone.ActiveCfg = Release|Any CPU
		{CCA1C20C-A30A-422A-A4AB-DF586452A70A}.Release|iPhone.Build.0 = Release|Any CPU
		{CCA1C20C-A30A-422A-A4AB-DF586452A70A}.Release|iPhone.Deploy.0 = Release|Any CPU
		{CCA1C20C-A30A-422A-A4AB-DF586452A70A}.Release|iPhoneSimulator.ActiveCfg = Release|Any CPU
		{CCA1C20C-A30A-422A-A4AB-DF586452A70A}.Release|iPhoneSimulator.Build.0 = Release|Any CPU
		{CCA1C20C-A30A-422A-A4AB-DF586452A70A}.Release|iPhoneSimulator.Deploy.0 = Release|Any CPU
		{16C11B0A-0CC5-41AB-8626-673BE72CF158}.Ad-Hoc|Any CPU.ActiveCfg = Ad-Hoc|iPhone
		{16C11B0A-0CC5-41AB-8626-673BE72CF158}.Ad-Hoc|Any CPU.Build.0 = Ad-Hoc|iPhone
		{16C11B0A-0CC5-41AB-8626-673BE72CF158}.Ad-Hoc|Any CPU.Deploy.0 = Ad-Hoc|iPhone
		{16C11B0A-0CC5-41AB-8626-673BE72CF158}.Ad-Hoc|iPhone.ActiveCfg = Ad-Hoc|iPhone
		{16C11B0A-0CC5-41AB-8626-673BE72CF158}.Ad-Hoc|iPhone.Build.0 = Ad-Hoc|iPhone
		{16C11B0A-0CC5-41AB-8626-673BE72CF158}.Ad-Hoc|iPhone.Deploy.0 = Ad-Hoc|iPhone
		{16C11B0A-0CC5-41AB-8626-673BE72CF158}.Ad-Hoc|iPhoneSimulator.ActiveCfg = Ad-Hoc|iPhoneSimulator
		{16C11B0A-0CC5-41AB-8626-673BE72CF158}.Ad-Hoc|iPhoneSimulator.Build.0 = Ad-Hoc|iPhoneSimulator
		{16C11B0A-0CC5-41AB-8626-673BE72CF158}.Ad-Hoc|iPhoneSimulator.Deploy.0 = Ad-Hoc|iPhoneSimulator
		{16C11B0A-0CC5-41AB-8626-673BE72CF158}.AppStore|Any CPU.ActiveCfg = AppStore|iPhone
		{16C11B0A-0CC5-41AB-8626-673BE72CF158}.AppStore|Any CPU.Build.0 = AppStore|iPhone
		{16C11B0A-0CC5-41AB-8626-673BE72CF158}.AppStore|Any CPU.Deploy.0 = AppStore|iPhone
		{16C11B0A-0CC5-41AB-8626-673BE72CF158}.AppStore|iPhone.ActiveCfg = AppStore|iPhone
		{16C11B0A-0CC5-41AB-8626-673BE72CF158}.AppStore|iPhone.Build.0 = AppStore|iPhone
		{16C11B0A-0CC5-41AB-8626-673BE72CF158}.AppStore|iPhone.Deploy.0 = AppStore|iPhone
		{16C11B0A-0CC5-41AB-8626-673BE72CF158}.AppStore|iPhoneSimulator.ActiveCfg = AppStore|iPhoneSimulator
		{16C11B0A-0CC5-41AB-8626-673BE72CF158}.AppStore|iPhoneSimulator.Build.0 = AppStore|iPhoneSimulator
		{16C11B0A-0CC5-41AB-8626-673BE72CF158}.AppStore|iPhoneSimulator.Deploy.0 = AppStore|iPhoneSimulator
		{16C11B0A-0CC5-41AB-8626-673BE72CF158}.Debug|Any CPU.ActiveCfg = Debug|iPhoneSimulator
		{16C11B0A-0CC5-41AB-8626-673BE72CF158}.Debug|Any CPU.Build.0 = Debug|iPhoneSimulator
		{16C11B0A-0CC5-41AB-8626-673BE72CF158}.Debug|Any CPU.Deploy.0 = Debug|iPhoneSimulator
		{16C11B0A-0CC5-41AB-8626-673BE72CF158}.Debug|iPhone.ActiveCfg = Debug|iPhone
		{16C11B0A-0CC5-41AB-8626-673BE72CF158}.Debug|iPhone.Build.0 = Debug|iPhone
		{16C11B0A-0CC5-41AB-8626-673BE72CF158}.Debug|iPhone.Deploy.0 = Debug|iPhone
		{16C11B0A-0CC5-41AB-8626-673BE72CF158}.Debug|iPhoneSimulator.ActiveCfg = Debug|iPhoneSimulator
		{16C11B0A-0CC5-41AB-8626-673BE72CF158}.Debug|iPhoneSimulator.Build.0 = Debug|iPhoneSimulator
		{16C11B0A-0CC5-41AB-8626-673BE72CF158}.Debug|iPhoneSimulator.Deploy.0 = Debug|iPhoneSimulator
		{16C11B0A-0CC5-41AB-8626-673BE72CF158}.Release|Any CPU.ActiveCfg = Release|iPhone
		{16C11B0A-0CC5-41AB-8626-673BE72CF158}.Release|Any CPU.Build.0 = Release|iPhone
		{16C11B0A-0CC5-41AB-8626-673BE72CF158}.Release|Any CPU.Deploy.0 = Release|iPhone
		{16C11B0A-0CC5-41AB-8626-673BE72CF158}.Release|iPhone.ActiveCfg = Release|iPhone
		{16C11B0A-0CC5-41AB-8626-673BE72CF158}.Release|iPhone.Build.0 = Release|iPhone
		{16C11B0A-0CC5-41AB-8626-673BE72CF158}.Release|iPhone.Deploy.0 = Release|iPhone
		{16C11B0A-0CC5-41AB-8626-673BE72CF158}.Release|iPhoneSimulator.ActiveCfg = Release|iPhoneSimulator
		{16C11B0A-0CC5-41AB-8626-673BE72CF158}.Release|iPhoneSimulator.Build.0 = Release|iPhoneSimulator
		{16C11B0A-0CC5-41AB-8626-673BE72CF158}.Release|iPhoneSimulator.Deploy.0 = Release|iPhoneSimulator
		{36361968-06FD-4728-B5A8-694897C1F5D6}.Ad-Hoc|Any CPU.ActiveCfg = Debug|Any CPU
		{36361968-06FD-4728-B5A8-694897C1F5D6}.Ad-Hoc|Any CPU.Build.0 = Debug|Any CPU
		{36361968-06FD-4728-B5A8-694897C1F5D6}.Ad-Hoc|Any CPU.Deploy.0 = Debug|Any CPU
		{36361968-06FD-4728-B5A8-694897C1F5D6}.Ad-Hoc|iPhone.ActiveCfg = Debug|Any CPU
		{36361968-06FD-4728-B5A8-694897C1F5D6}.Ad-Hoc|iPhone.Build.0 = Debug|Any CPU
		{36361968-06FD-4728-B5A8-694897C1F5D6}.Ad-Hoc|iPhone.Deploy.0 = Debug|Any CPU
		{36361968-06FD-4728-B5A8-694897C1F5D6}.Ad-Hoc|iPhoneSimulator.ActiveCfg = Debug|Any CPU
		{36361968-06FD-4728-B5A8-694897C1F5D6}.Ad-Hoc|iPhoneSimulator.Build.0 = Debug|Any CPU
		{36361968-06FD-4728-B5A8-694897C1F5D6}.Ad-Hoc|iPhoneSimulator.Deploy.0 = Debug|Any CPU
		{36361968-06FD-4728-B5A8-694897C1F5D6}.AppStore|Any CPU.ActiveCfg = Debug|Any CPU
		{36361968-06FD-4728-B5A8-694897C1F5D6}.AppStore|Any CPU.Build.0 = Debug|Any CPU
		{36361968-06FD-4728-B5A8-694897C1F5D6}.AppStore|Any CPU.Deploy.0 = Debug|Any CPU
		{36361968-06FD-4728-B5A8-694897C1F5D6}.AppStore|iPhone.ActiveCfg = Debug|Any CPU
		{36361968-06FD-4728-B5A8-694897C1F5D6}.AppStore|iPhone.Build.0 = Debug|Any CPU
		{36361968-06FD-4728-B5A8-694897C1F5D6}.AppStore|iPhone.Deploy.0 = Debug|Any CPU
		{36361968-06FD-4728-B5A8-694897C1F5D6}.AppStore|iPhoneSimulator.ActiveCfg = Debug|Any CPU
		{36361968-06FD-4728-B5A8-694897C1F5D6}.AppStore|iPhoneSimulator.Build.0 = Debug|Any CPU
		{36361968-06FD-4728-B5A8-694897C1F5D6}.AppStore|iPhoneSimulator.Deploy.0 = Debug|Any CPU
		{36361968-06FD-4728-B5A8-694897C1F5D6}.Debug|Any CPU.ActiveCfg = Debug|Any CPU
		{36361968-06FD-4728-B5A8-694897C1F5D6}.Debug|Any CPU.Build.0 = Debug|Any CPU
		{36361968-06FD-4728-B5A8-694897C1F5D6}.Debug|Any CPU.Deploy.0 = Debug|Any CPU
		{36361968-06FD-4728-B5A8-694897C1F5D6}.Debug|iPhone.ActiveCfg = Debug|Any CPU
		{36361968-06FD-4728-B5A8-694897C1F5D6}.Debug|iPhone.Build.0 = Debug|Any CPU
		{36361968-06FD-4728-B5A8-694897C1F5D6}.Debug|iPhone.Deploy.0 = Debug|Any CPU
		{36361968-06FD-4728-B5A8-694897C1F5D6}.Debug|iPhoneSimulator.ActiveCfg = Debug|Any CPU
		{36361968-06FD-4728-B5A8-694897C1F5D6}.Debug|iPhoneSimulator.Build.0 = Debug|Any CPU
		{36361968-06FD-4728-B5A8-694897C1F5D6}.Debug|iPhoneSimulator.Deploy.0 = Debug|Any CPU
		{36361968-06FD-4728-B5A8-694897C1F5D6}.Release|Any CPU.ActiveCfg = Release|Any CPU
		{36361968-06FD-4728-B5A8-694897C1F5D6}.Release|Any CPU.Build.0 = Release|Any CPU
		{36361968-06FD-4728-B5A8-694897C1F5D6}.Release|Any CPU.Deploy.0 = Release|Any CPU
		{36361968-06FD-4728-B5A8-694897C1F5D6}.Release|iPhone.ActiveCfg = Release|Any CPU
		{36361968-06FD-4728-B5A8-694897C1F5D6}.Release|iPhone.Build.0 = Release|Any CPU
		{36361968-06FD-4728-B5A8-694897C1F5D6}.Release|iPhone.Deploy.0 = Release|Any CPU
		{36361968-06FD-4728-B5A8-694897C1F5D6}.Release|iPhoneSimulator.ActiveCfg = Release|Any CPU
		{36361968-06FD-4728-B5A8-694897C1F5D6}.Release|iPhoneSimulator.Build.0 = Release|Any CPU
		{36361968-06FD-4728-B5A8-694897C1F5D6}.Release|iPhoneSimulator.Deploy.0 = Release|Any CPU
	EndGlobalSection
	GlobalSection(SolutionProperties) = preSolution
		HideSolutionNode = FALSE
	EndGlobalSection
	GlobalSection(ExtensibilityGlobals) = postSolution
		SolutionGuid = {339A6580-EAFA-44BF-842D-07474CA85506}
	EndGlobalSection
EndGlobal
